
Microsoft Visual Studio Solution File, Format Version 12.00
# Visual Studio 15
VisualStudioVersion = 15.0.26730.15
MinimumVisualStudioVersion = 10.0.40219.1
Project("{FAE04EC0-301F-11D3-BF4B-00C04F79EFBC}") = "HybridApp1.Android", "HybridApp1.Android\HybridApp1.Android.csproj", "{09164066-5336-4A58-815C-5434BBAEDD56}"
EndProject
Project("{FAE04EC0-301F-11D3-BF4B-00C04F79EFBC}") = "HybridApp1", "HybridApp1\HybridApp1.csproj", "{7D8295FE-6B98-40EE-A8C3-BD926A17BB8A}"
EndProject
Project("{FAE04EC0-301F-11D3-BF4B-00C04F79EFBC}") = "HybridApp1.UWP", "HybridApp1.UWP\HybridApp1.UWP.csproj", "{97C1A1B4-568E-4111-969F-7EB727A514A0}"
EndProject
Global
	GlobalSection(SolutionConfigurationPlatforms) = preSolution
		Ad-Hoc|Any CPU = Ad-Hoc|Any CPU
		Ad-Hoc|ARM = Ad-Hoc|ARM
		Ad-Hoc|iPhone = Ad-Hoc|iPhone
		Ad-Hoc|iPhoneSimulator = Ad-Hoc|iPhoneSimulator
		Ad-Hoc|x64 = Ad-Hoc|x64
		Ad-Hoc|x86 = Ad-Hoc|x86
		AppStore|Any CPU = AppStore|Any CPU
		AppStore|ARM = AppStore|ARM
		AppStore|iPhone = AppStore|iPhone
		AppStore|iPhoneSimulator = AppStore|iPhoneSimulator
		AppStore|x64 = AppStore|x64
		AppStore|x86 = AppStore|x86
		Debug|Any CPU = Debug|Any CPU
		Debug|ARM = Debug|ARM
		Debug|iPhone = Debug|iPhone
		Debug|iPhoneSimulator = Debug|iPhoneSimulator
		Debug|x64 = Debug|x64
		Debug|x86 = Debug|x86
		Release|Any CPU = Release|Any CPU
		Release|ARM = Release|ARM
		Release|iPhone = Release|iPhone
		Release|iPhoneSimulator = Release|iPhoneSimulator
		Release|x64 = Release|x64
		Release|x86 = Release|x86
	EndGlobalSection
	GlobalSection(ProjectConfigurationPlatforms) = postSolution
		{09164066-5336-4A58-815C-5434BBAEDD56}.Ad-Hoc|Any CPU.ActiveCfg = Release|Any CPU
		{09164066-5336-4A58-815C-5434BBAEDD56}.Ad-Hoc|Any CPU.Build.0 = Release|Any CPU
		{09164066-5336-4A58-815C-5434BBAEDD56}.Ad-Hoc|Any CPU.Deploy.0 = Release|Any CPU
		{09164066-5336-4A58-815C-5434BBAEDD56}.Ad-Hoc|ARM.ActiveCfg = Release|Any CPU
		{09164066-5336-4A58-815C-5434BBAEDD56}.Ad-Hoc|ARM.Build.0 = Release|Any CPU
		{09164066-5336-4A58-815C-5434BBAEDD56}.Ad-Hoc|ARM.Deploy.0 = Release|Any CPU
		{09164066-5336-4A58-815C-5434BBAEDD56}.Ad-Hoc|iPhone.ActiveCfg = Release|Any CPU
		{09164066-5336-4A58-815C-5434BBAEDD56}.Ad-Hoc|iPhone.Build.0 = Release|Any CPU
		{09164066-5336-4A58-815C-5434BBAEDD56}.Ad-Hoc|iPhone.Deploy.0 = Release|Any CPU
		{09164066-5336-4A58-815C-5434BBAEDD56}.Ad-Hoc|iPhoneSimulator.ActiveCfg = Release|Any CPU
		{09164066-5336-4A58-815C-5434BBAEDD56}.Ad-Hoc|iPhoneSimulator.Build.0 = Release|Any CPU
		{09164066-5336-4A58-815C-5434BBAEDD56}.Ad-Hoc|iPhoneSimulator.Deploy.0 = Release|Any CPU
		{09164066-5336-4A58-815C-5434BBAEDD56}.Ad-Hoc|x64.ActiveCfg = Release|Any CPU
		{09164066-5336-4A58-815C-5434BBAEDD56}.Ad-Hoc|x64.Build.0 = Release|Any CPU
		{09164066-5336-4A58-815C-5434BBAEDD56}.Ad-Hoc|x64.Deploy.0 = Release|Any CPU
		{09164066-5336-4A58-815C-5434BBAEDD56}.Ad-Hoc|x86.ActiveCfg = Release|Any CPU
		{09164066-5336-4A58-815C-5434BBAEDD56}.Ad-Hoc|x86.Build.0 = Release|Any CPU
		{09164066-5336-4A58-815C-5434BBAEDD56}.Ad-Hoc|x86.Deploy.0 = Release|Any CPU
		{09164066-5336-4A58-815C-5434BBAEDD56}.AppStore|Any CPU.ActiveCfg = Release|Any CPU
		{09164066-5336-4A58-815C-5434BBAEDD56}.AppStore|Any CPU.Build.0 = Release|Any CPU
		{09164066-5336-4A58-815C-5434BBAEDD56}.AppStore|Any CPU.Deploy.0 = Release|Any CPU
		{09164066-5336-4A58-815C-5434BBAEDD56}.AppStore|ARM.ActiveCfg = Release|Any CPU
		{09164066-5336-4A58-815C-5434BBAEDD56}.AppStore|ARM.Build.0 = Release|Any CPU
		{09164066-5336-4A58-815C-5434BBAEDD56}.AppStore|ARM.Deploy.0 = Release|Any CPU
		{09164066-5336-4A58-815C-5434BBAEDD56}.AppStore|iPhone.ActiveCfg = Release|Any CPU
		{09164066-5336-4A58-815C-5434BBAEDD56}.AppStore|iPhone.Build.0 = Release|Any CPU
		{09164066-5336-4A58-815C-5434BBAEDD56}.AppStore|iPhone.Deploy.0 = Release|Any CPU
		{09164066-5336-4A58-815C-5434BBAEDD56}.AppStore|iPhoneSimulator.ActiveCfg = Release|Any CPU
		{09164066-5336-4A58-815C-5434BBAEDD56}.AppStore|iPhoneSimulator.Build.0 = Release|Any CPU
		{09164066-5336-4A58-815C-5434BBAEDD56}.AppStore|iPhoneSimulator.Deploy.0 = Release|Any CPU
		{09164066-5336-4A58-815C-5434BBAEDD56}.AppStore|x64.ActiveCfg = Release|Any CPU
		{09164066-5336-4A58-815C-5434BBAEDD56}.AppStore|x64.Build.0 = Release|Any CPU
		{09164066-5336-4A58-815C-5434BBAEDD56}.AppStore|x64.Deploy.0 = Release|Any CPU
		{09164066-5336-4A58-815C-5434BBAEDD56}.AppStore|x86.ActiveCfg = Release|Any CPU
		{09164066-5336-4A58-815C-5434BBAEDD56}.AppStore|x86.Build.0 = Release|Any CPU
		{09164066-5336-4A58-815C-5434BBAEDD56}.AppStore|x86.Deploy.0 = Release|Any CPU
		{09164066-5336-4A58-815C-5434BBAEDD56}.Debug|Any CPU.ActiveCfg = Debug|Any CPU
		{09164066-5336-4A58-815C-5434BBAEDD56}.Debug|Any CPU.Build.0 = Debug|Any CPU
		{09164066-5336-4A58-815C-5434BBAEDD56}.Debug|Any CPU.Deploy.0 = Debug|Any CPU
		{09164066-5336-4A58-815C-5434BBAEDD56}.Debug|ARM.ActiveCfg = Debug|Any CPU
		{09164066-5336-4A58-815C-5434BBAEDD56}.Debug|ARM.Build.0 = Debug|Any CPU
		{09164066-5336-4A58-815C-5434BBAEDD56}.Debug|ARM.Deploy.0 = Debug|Any CPU
		{09164066-5336-4A58-815C-5434BBAEDD56}.Debug|iPhone.ActiveCfg = Debug|Any CPU
		{09164066-5336-4A58-815C-5434BBAEDD56}.Debug|iPhone.Build.0 = Debug|Any CPU
		{09164066-5336-4A58-815C-5434BBAEDD56}.Debug|iPhone.Deploy.0 = Debug|Any CPU
		{09164066-5336-4A58-815C-5434BBAEDD56}.Debug|iPhoneSimulator.ActiveCfg = Debug|Any CPU
		{09164066-5336-4A58-815C-5434BBAEDD56}.Debug|iPhoneSimulator.Build.0 = Debug|Any CPU
		{09164066-5336-4A58-815C-5434BBAEDD56}.Debug|iPhoneSimulator.Deploy.0 = Debug|Any CPU
		{09164066-5336-4A58-815C-5434BBAEDD56}.Debug|x64.ActiveCfg = Debug|Any CPU
		{09164066-5336-4A58-815C-5434BBAEDD56}.Debug|x64.Build.0 = Debug|Any CPU
		{09164066-5336-4A58-815C-5434BBAEDD56}.Debug|x64.Deploy.0 = Debug|Any CPU
		{09164066-5336-4A58-815C-5434BBAEDD56}.Debug|x86.ActiveCfg = Debug|Any CPU
		{09164066-5336-4A58-815C-5434BBAEDD56}.Debug|x86.Build.0 = Debug|Any CPU
		{09164066-5336-4A58-815C-5434BBAEDD56}.Debug|x86.Deploy.0 = Debug|Any CPU
		{09164066-5336-4A58-815C-5434BBAEDD56}.Release|Any CPU.ActiveCfg = Release|Any CPU
		{09164066-5336-4A58-815C-5434BBAEDD56}.Release|Any CPU.Build.0 = Release|Any CPU
		{09164066-5336-4A58-815C-5434BBAEDD56}.Release|Any CPU.Deploy.0 = Release|Any CPU
		{09164066-5336-4A58-815C-5434BBAEDD56}.Release|ARM.ActiveCfg = Release|Any CPU
		{09164066-5336-4A58-815C-5434BBAEDD56}.Release|ARM.Build.0 = Release|Any CPU
		{09164066-5336-4A58-815C-5434BBAEDD56}.Release|ARM.Deploy.0 = Release|Any CPU
		{09164066-5336-4A58-815C-5434BBAEDD56}.Release|iPhone.ActiveCfg = Release|Any CPU
		{09164066-5336-4A58-815C-5434BBAEDD56}.Release|iPhone.Build.0 = Release|Any CPU
		{09164066-5336-4A58-815C-5434BBAEDD56}.Release|iPhone.Deploy.0 = Release|Any CPU
		{09164066-5336-4A58-815C-5434BBAEDD56}.Release|iPhoneSimulator.ActiveCfg = Release|Any CPU
		{09164066-5336-4A58-815C-5434BBAEDD56}.Release|iPhoneSimulator.Build.0 = Release|Any CPU
		{09164066-5336-4A58-815C-5434BBAEDD56}.Release|iPhoneSimulator.Deploy.0 = Release|Any CPU
		{09164066-5336-4A58-815C-5434BBAEDD56}.Release|x64.ActiveCfg = Release|Any CPU
		{09164066-5336-4A58-815C-5434BBAEDD56}.Release|x64.Build.0 = Release|Any CPU
		{09164066-5336-4A58-815C-5434BBAEDD56}.Release|x64.Deploy.0 = Release|Any CPU
		{09164066-5336-4A58-815C-5434BBAEDD56}.Release|x86.ActiveCfg = Release|Any CPU
		{09164066-5336-4A58-815C-5434BBAEDD56}.Release|x86.Build.0 = Release|Any CPU
		{09164066-5336-4A58-815C-5434BBAEDD56}.Release|x86.Deploy.0 = Release|Any CPU
		{7D8295FE-6B98-40EE-A8C3-BD926A17BB8A}.Ad-Hoc|Any CPU.ActiveCfg = Release|Any CPU
		{7D8295FE-6B98-40EE-A8C3-BD926A17BB8A}.Ad-Hoc|Any CPU.Build.0 = Release|Any CPU
		{7D8295FE-6B98-40EE-A8C3-BD926A17BB8A}.Ad-Hoc|ARM.ActiveCfg = Release|Any CPU
		{7D8295FE-6B98-40EE-A8C3-BD926A17BB8A}.Ad-Hoc|ARM.Build.0 = Release|Any CPU
		{7D8295FE-6B98-40EE-A8C3-BD926A17BB8A}.Ad-Hoc|iPhone.ActiveCfg = Release|Any CPU
		{7D8295FE-6B98-40EE-A8C3-BD926A17BB8A}.Ad-Hoc|iPhone.Build.0 = Release|Any CPU
		{7D8295FE-6B98-40EE-A8C3-BD926A17BB8A}.Ad-Hoc|iPhoneSimulator.ActiveCfg = Release|Any CPU
		{7D8295FE-6B98-40EE-A8C3-BD926A17BB8A}.Ad-Hoc|iPhoneSimulator.Build.0 = Release|Any CPU
		{7D8295FE-6B98-40EE-A8C3-BD926A17BB8A}.Ad-Hoc|x64.ActiveCfg = Release|Any CPU
		{7D8295FE-6B98-40EE-A8C3-BD926A17BB8A}.Ad-Hoc|x64.Build.0 = Release|Any CPU
		{7D8295FE-6B98-40EE-A8C3-BD926A17BB8A}.Ad-Hoc|x86.ActiveCfg = Release|Any CPU
		{7D8295FE-6B98-40EE-A8C3-BD926A17BB8A}.Ad-Hoc|x86.Build.0 = Release|Any CPU
		{7D8295FE-6B98-40EE-A8C3-BD926A17BB8A}.AppStore|Any CPU.ActiveCfg = Release|Any CPU
		{7D8295FE-6B98-40EE-A8C3-BD926A17BB8A}.AppStore|Any CPU.Build.0 = Release|Any CPU
		{7D8295FE-6B98-40EE-A8C3-BD926A17BB8A}.AppStore|ARM.ActiveCfg = Release|Any CPU
		{7D8295FE-6B98-40EE-A8C3-BD926A17BB8A}.AppStore|ARM.Build.0 = Release|Any CPU
		{7D8295FE-6B98-40EE-A8C3-BD926A17BB8A}.AppStore|iPhone.ActiveCfg = Release|Any CPU
		{7D8295FE-6B98-40EE-A8C3-BD926A17BB8A}.AppStore|iPhone.Build.0 = Release|Any CPU
		{7D8295FE-6B98-40EE-A8C3-BD926A17BB8A}.AppStore|iPhoneSimulator.ActiveCfg = Release|Any CPU
		{7D8295FE-6B98-40EE-A8C3-BD926A17BB8A}.AppStore|iPhoneSimulator.Build.0 = Release|Any CPU
		{7D8295FE-6B98-40EE-A8C3-BD926A17BB8A}.AppStore|x64.ActiveCfg = Release|Any CPU
		{7D8295FE-6B98-40EE-A8C3-BD926A17BB8A}.AppStore|x64.Build.0 = Release|Any CPU
		{7D8295FE-6B98-40EE-A8C3-BD926A17BB8A}.AppStore|x86.ActiveCfg = Release|Any CPU
		{7D8295FE-6B98-40EE-A8C3-BD926A17BB8A}.AppStore|x86.Build.0 = Release|Any CPU
		{7D8295FE-6B98-40EE-A8C3-BD926A17BB8A}.Debug|Any CPU.ActiveCfg = Debug|Any CPU
		{7D8295FE-6B98-40EE-A8C3-BD926A17BB8A}.Debug|Any CPU.Build.0 = Debug|Any CPU
		{7D8295FE-6B98-40EE-A8C3-BD926A17BB8A}.Debug|ARM.ActiveCfg = Debug|Any CPU
		{7D8295FE-6B98-40EE-A8C3-BD926A17BB8A}.Debug|ARM.Build.0 = Debug|Any CPU
		{7D8295FE-6B98-40EE-A8C3-BD926A17BB8A}.Debug|iPhone.ActiveCfg = Debug|Any CPU
		{7D8295FE-6B98-40EE-A8C3-BD926A17BB8A}.Debug|iPhone.Build.0 = Debug|Any CPU
		{7D8295FE-6B98-40EE-A8C3-BD926A17BB8A}.Debug|iPhoneSimulator.ActiveCfg = Debug|Any CPU
		{7D8295FE-6B98-40EE-A8C3-BD926A17BB8A}.Debug|iPhoneSimulator.Build.0 = Debug|Any CPU
		{7D8295FE-6B98-40EE-A8C3-BD926A17BB8A}.Debug|x64.ActiveCfg = Debug|Any CPU
		{7D8295FE-6B98-40EE-A8C3-BD926A17BB8A}.Debug|x64.Build.0 = Debug|Any CPU
		{7D8295FE-6B98-40EE-A8C3-BD926A17BB8A}.Debug|x86.ActiveCfg = Debug|Any CPU
		{7D8295FE-6B98-40EE-A8C3-BD926A17BB8A}.Debug|x86.Build.0 = Debug|Any CPU
		{7D8295FE-6B98-40EE-A8C3-BD926A17BB8A}.Release|Any CPU.ActiveCfg = Release|Any CPU
		{7D8295FE-6B98-40EE-A8C3-BD926A17BB8A}.Release|Any CPU.Build.0 = Release|Any CPU
		{7D8295FE-6B98-40EE-A8C3-BD926A17BB8A}.Release|ARM.ActiveCfg = Release|Any CPU
		{7D8295FE-6B98-40EE-A8C3-BD926A17BB8A}.Release|ARM.Build.0 = Release|Any CPU
		{7D8295FE-6B98-40EE-A8C3-BD926A17BB8A}.Release|iPhone.ActiveCfg = Release|Any CPU
		{7D8295FE-6B98-40EE-A8C3-BD926A17BB8A}.Release|iPhone.Build.0 = Release|Any CPU
		{7D8295FE-6B98-40EE-A8C3-BD926A17BB8A}.Release|iPhoneSimulator.ActiveCfg = Release|Any CPU
		{7D8295FE-6B98-40EE-A8C3-BD926A17BB8A}.Release|iPhoneSimulator.Build.0 = Release|Any CPU
		{7D8295FE-6B98-40EE-A8C3-BD926A17BB8A}.Release|x64.ActiveCfg = Release|Any CPU
		{7D8295FE-6B98-40EE-A8C3-BD926A17BB8A}.Release|x64.Build.0 = Release|Any CPU
		{7D8295FE-6B98-40EE-A8C3-BD926A17BB8A}.Release|x86.ActiveCfg = Release|Any CPU
		{7D8295FE-6B98-40EE-A8C3-BD926A17BB8A}.Release|x86.Build.0 = Release|Any CPU
		{97C1A1B4-568E-4111-969F-7EB727A514A0}.Ad-Hoc|Any CPU.ActiveCfg = Release|x86
		{97C1A1B4-568E-4111-969F-7EB727A514A0}.Ad-Hoc|Any CPU.Build.0 = Release|x86
		{97C1A1B4-568E-4111-969F-7EB727A514A0}.Ad-Hoc|Any CPU.Deploy.0 = Release|x86
		{97C1A1B4-568E-4111-969F-7EB727A514A0}.Ad-Hoc|ARM.ActiveCfg = Release|ARM
		{97C1A1B4-568E-4111-969F-7EB727A514A0}.Ad-Hoc|ARM.Build.0 = Release|ARM
		{97C1A1B4-568E-4111-969F-7EB727A514A0}.Ad-Hoc|ARM.Deploy.0 = Release|ARM
		{97C1A1B4-568E-4111-969F-7EB727A514A0}.Ad-Hoc|iPhone.ActiveCfg = Release|x86
		{97C1A1B4-568E-4111-969F-7EB727A514A0}.Ad-Hoc|iPhone.Build.0 = Release|x86
		{97C1A1B4-568E-4111-969F-7EB727A514A0}.Ad-Hoc|iPhone.Deploy.0 = Release|x86
		{97C1A1B4-568E-4111-969F-7EB727A514A0}.Ad-Hoc|iPhoneSimulator.ActiveCfg = Release|x86
		{97C1A1B4-568E-4111-969F-7EB727A514A0}.Ad-Hoc|iPhoneSimulator.Build.0 = Release|x86
		{97C1A1B4-568E-4111-969F-7EB727A514A0}.Ad-Hoc|iPhoneSimulator.Deploy.0 = Release|x86
		{97C1A1B4-568E-4111-969F-7EB727A514A0}.Ad-Hoc|x64.ActiveCfg = Release|x64
		{97C1A1B4-568E-4111-969F-7EB727A514A0}.Ad-Hoc|x64.Build.0 = Release|x64
		{97C1A1B4-568E-4111-969F-7EB727A514A0}.Ad-Hoc|x64.Deploy.0 = Release|x64
		{97C1A1B4-568E-4111-969F-7EB727A514A0}.Ad-Hoc|x86.ActiveCfg = Release|x86
		{97C1A1B4-568E-4111-969F-7EB727A514A0}.Ad-Hoc|x86.Build.0 = Release|x86
		{97C1A1B4-568E-4111-969F-7EB727A514A0}.Ad-Hoc|x86.Deploy.0 = Release|x86
		{97C1A1B4-568E-4111-969F-7EB727A514A0}.AppStore|Any CPU.ActiveCfg = Release|x86
		{97C1A1B4-568E-4111-969F-7EB727A514A0}.AppStore|Any CPU.Build.0 = Release|x86
		{97C1A1B4-568E-4111-969F-7EB727A514A0}.AppStore|Any CPU.Deploy.0 = Release|x86
		{97C1A1B4-568E-4111-969F-7EB727A514A0}.AppStore|ARM.ActiveCfg = Release|ARM
		{97C1A1B4-568E-4111-969F-7EB727A514A0}.AppStore|ARM.Build.0 = Release|ARM
		{97C1A1B4-568E-4111-969F-7EB727A514A0}.AppStore|ARM.Deploy.0 = Release|ARM
		{97C1A1B4-568E-4111-969F-7EB727A514A0}.AppStore|iPhone.ActiveCfg = Release|x86
		{97C1A1B4-568E-4111-969F-7EB727A514A0}.AppStore|iPhone.Build.0 = Release|x86
		{97C1A1B4-568E-4111-969F-7EB727A514A0}.AppStore|iPhone.Deploy.0 = Release|x86
		{97C1A1B4-568E-4111-969F-7EB727A514A0}.AppStore|iPhoneSimulator.ActiveCfg = Release|x86
		{97C1A1B4-568E-4111-969F-7EB727A514A0}.AppStore|iPhoneSimulator.Build.0 = Release|x86
		{97C1A1B4-568E-4111-969F-7EB727A514A0}.AppStore|iPhoneSimulator.Deploy.0 = Release|x86
		{97C1A1B4-568E-4111-969F-7EB727A514A0}.AppStore|x64.ActiveCfg = Release|x64
		{97C1A1B4-568E-4111-969F-7EB727A514A0}.AppStore|x64.Build.0 = Release|x64
		{97C1A1B4-568E-4111-969F-7EB727A514A0}.AppStore|x64.Deploy.0 = Release|x64
		{97C1A1B4-568E-4111-969F-7EB727A514A0}.AppStore|x86.ActiveCfg = Release|x86
		{97C1A1B4-568E-4111-969F-7EB727A514A0}.AppStore|x86.Build.0 = Release|x86
		{97C1A1B4-568E-4111-969F-7EB727A514A0}.AppStore|x86.Deploy.0 = Release|x86
		{97C1A1B4-568E-4111-969F-7EB727A514A0}.Debug|Any CPU.ActiveCfg = Debug|x86
		{97C1A1B4-568E-4111-969F-7EB727A514A0}.Debug|ARM.ActiveCfg = Debug|ARM
		{97C1A1B4-568E-4111-969F-7EB727A514A0}.Debug|ARM.Build.0 = Debug|ARM
		{97C1A1B4-568E-4111-969F-7EB727A514A0}.Debug|ARM.Deploy.0 = Debug|ARM
		{97C1A1B4-568E-4111-969F-7EB727A514A0}.Debug|iPhone.ActiveCfg = Debug|x86
		{97C1A1B4-568E-4111-969F-7EB727A514A0}.Debug|iPhoneSimulator.ActiveCfg = Debug|x86
		{97C1A1B4-568E-4111-969F-7EB727A514A0}.Debug|x64.ActiveCfg = Debug|x64
		{97C1A1B4-568E-4111-969F-7EB727A514A0}.Debug|x64.Build.0 = Debug|x64
		{97C1A1B4-568E-4111-969F-7EB727A514A0}.Debug|x64.Deploy.0 = Debug|x64
		{97C1A1B4-568E-4111-969F-7EB727A514A0}.Debug|x86.ActiveCfg = Debug|x86
		{97C1A1B4-568E-4111-969F-7EB727A514A0}.Debug|x86.Build.0 = Debug|x86
		{97C1A1B4-568E-4111-969F-7EB727A514A0}.Debug|x86.Deploy.0 = Debug|x86
		{97C1A1B4-568E-4111-969F-7EB727A514A0}.Release|Any CPU.ActiveCfg = Release|x86
		{97C1A1B4-568E-4111-969F-7EB727A514A0}.Release|ARM.ActiveCfg = Release|ARM
		{97C1A1B4-568E-4111-969F-7EB727A514A0}.Release|ARM.Build.0 = Release|ARM
		{97C1A1B4-568E-4111-969F-7EB727A514A0}.Release|ARM.Deploy.0 = Release|ARM
		{97C1A1B4-568E-4111-969F-7EB727A514A0}.Release|iPhone.ActiveCfg = Release|x86
		{97C1A1B4-568E-4111-969F-7EB727A514A0}.Release|iPhoneSimulator.ActiveCfg = Release|x86
		{97C1A1B4-568E-4111-969F-7EB727A514A0}.Release|x64.ActiveCfg = Release|x64
		{97C1A1B4-568E-4111-969F-7EB727A514A0}.Release|x64.Build.0 = Release|x64
		{97C1A1B4-568E-4111-969F-7EB727A514A0}.Release|x64.Deploy.0 = Release|x64
		{97C1A1B4-568E-4111-969F-7EB727A514A0}.Release|x86.ActiveCfg = Release|x86
		{97C1A1B4-568E-4111-969F-7EB727A514A0}.Release|x86.Build.0 = Release|x86
		{97C1A1B4-568E-4111-969F-7EB727A514A0}.Release|x86.Deploy.0 = Release|x86
		{AECBDE6D-7D3C-484F-AC99-6D9689C17169}.Ad-Hoc|Any CPU.ActiveCfg = Ad-Hoc|iPhone
		{AECBDE6D-7D3C-484F-AC99-6D9689C17169}.Ad-Hoc|ARM.ActiveCfg = Ad-Hoc|iPhone
		{AECBDE6D-7D3C-484F-AC99-6D9689C17169}.Ad-Hoc|iPhone.ActiveCfg = Ad-Hoc|iPhone
		{AECBDE6D-7D3C-484F-AC99-6D9689C17169}.Ad-Hoc|iPhone.Build.0 = Ad-Hoc|iPhone
		{AECBDE6D-7D3C-484F-AC99-6D9689C17169}.Ad-Hoc|iPhoneSimulator.ActiveCfg = Ad-Hoc|iPhoneSimulator
		{AECBDE6D-7D3C-484F-AC99-6D9689C17169}.Ad-Hoc|iPhoneSimulator.Build.0 = Ad-Hoc|iPhoneSimulator
		{AECBDE6D-7D3C-484F-AC99-6D9689C17169}.Ad-Hoc|x64.ActiveCfg = Ad-Hoc|iPhone
		{AECBDE6D-7D3C-484F-AC99-6D9689C17169}.Ad-Hoc|x86.ActiveCfg = Ad-Hoc|iPhone
		{AECBDE6D-7D3C-484F-AC99-6D9689C17169}.AppStore|Any CPU.ActiveCfg = AppStore|iPhone
		{AECBDE6D-7D3C-484F-AC99-6D9689C17169}.AppStore|ARM.ActiveCfg = AppStore|iPhone
		{AECBDE6D-7D3C-484F-AC99-6D9689C17169}.AppStore|iPhone.ActiveCfg = AppStore|iPhone
		{AECBDE6D-7D3C-484F-AC99-6D9689C17169}.AppStore|iPhone.Build.0 = AppStore|iPhone
		{AECBDE6D-7D3C-484F-AC99-6D9689C17169}.AppStore|iPhoneSimulator.ActiveCfg = AppStore|iPhoneSimulator
		{AECBDE6D-7D3C-484F-AC99-6D9689C17169}.AppStore|iPhoneSimulator.Build.0 = AppStore|iPhoneSimulator
		{AECBDE6D-7D3C-484F-AC99-6D9689C17169}.AppStore|x64.ActiveCfg = AppStore|iPhone
		{AECBDE6D-7D3C-484F-AC99-6D9689C17169}.AppStore|x86.ActiveCfg = AppStore|iPhone
		{AECBDE6D-7D3C-484F-AC99-6D9689C17169}.Debug|Any CPU.ActiveCfg = Debug|iPhone
		{AECBDE6D-7D3C-484F-AC99-6D9689C17169}.Debug|ARM.ActiveCfg = Debug|iPhone
		{AECBDE6D-7D3C-484F-AC99-6D9689C17169}.Debug|iPhone.ActiveCfg = Debug|iPhone
		{AECBDE6D-7D3C-484F-AC99-6D9689C17169}.Debug|iPhone.Build.0 = Debug|iPhone
		{AECBDE6D-7D3C-484F-AC99-6D9689C17169}.Debug|iPhoneSimulator.ActiveCfg = Debug|iPhoneSimulator
		{AECBDE6D-7D3C-484F-AC99-6D9689C17169}.Debug|iPhoneSimulator.Build.0 = Debug|iPhoneSimulator
		{AECBDE6D-7D3C-484F-AC99-6D9689C17169}.Debug|x64.ActiveCfg = Debug|iPhone
		{AECBDE6D-7D3C-484F-AC99-6D9689C17169}.Debug|x86.ActiveCfg = Debug|iPhone
		{AECBDE6D-7D3C-484F-AC99-6D9689C17169}.Release|Any CPU.ActiveCfg = Release|iPhone
		{AECBDE6D-7D3C-484F-AC99-6D9689C17169}.Release|ARM.ActiveCfg = Release|iPhone
		{AECBDE6D-7D3C-484F-AC99-6D9689C17169}.Release|iPhone.ActiveCfg = Release|iPhone
		{AECBDE6D-7D3C-484F-AC99-6D9689C17169}.Release|iPhone.Build.0 = Release|iPhone
		{AECBDE6D-7D3C-484F-AC99-6D9689C17169}.Release|iPhoneSimulator.ActiveCfg = Release|iPhoneSimulator
		{AECBDE6D-7D3C-484F-AC99-6D9689C17169}.Release|iPhoneSimulator.Build.0 = Release|iPhoneSimulator
		{AECBDE6D-7D3C-484F-AC99-6D9689C17169}.Release|x64.ActiveCfg = Release|iPhone
		{AECBDE6D-7D3C-484F-AC99-6D9689C17169}.Release|x86.ActiveCfg = Release|iPhone
	EndGlobalSection
	GlobalSection(SolutionProperties) = preSolution
		HideSolutionNode = FALSE
	EndGlobalSection
	GlobalSection(ExtensibilityGlobals) = postSolution
		SolutionGuid = {1EE4DDF7-3A57-40C3-8AB6-ADEBF210BE8C}
	EndGlobalSection
EndGlobal
